
Microsoft Visual Studio Solution File, Format Version 12.00
# Visual Studio Version 16
VisualStudioVersion = 25.0.1704.1
MinimumVisualStudioVersion = 10.0.40219.1
Project("{FAE04EC0-301F-11D3-BF4B-00C04F79EFBC}") = "Sokoban", "Sokoban\Sokoban.csproj", "{80528CC0-BF43-49AA-A4A7-2BEDD5845680}"
EndProject
Project("{FAE04EC0-301F-11D3-BF4B-00C04F79EFBC}") = "Test", "Test\Test.csproj", "{AC6DCCDC-6581-4D33-BFD7-4690048DEB75}"
EndProject
Project("{FAE04EC0-301F-11D3-BF4B-00C04F79EFBC}") = "MyLib2", "MyLib2\MyLib2.csproj", "{D1E2CF18-3C14-4CE6-B0BB-51199232381F}"
EndProject
Project("{FAE04EC0-301F-11D3-BF4B-00C04F79EFBC}") = "Player", "Player\Player.csproj", "{13287D0A-1A0D-497F-8123-4C070205AA9F}"
EndProject
Global
	GlobalSection(SolutionConfigurationPlatforms) = preSolution
		Debug|Any CPU = Debug|Any CPU
		Release|Any CPU = Release|Any CPU
	EndGlobalSection
	GlobalSection(ProjectConfigurationPlatforms) = postSolution
		{80528CC0-BF43-49AA-A4A7-2BEDD5845680}.Debug|Any CPU.ActiveCfg = Debug|Any CPU
		{80528CC0-BF43-49AA-A4A7-2BEDD5845680}.Debug|Any CPU.Build.0 = Debug|Any CPU
		{80528CC0-BF43-49AA-A4A7-2BEDD5845680}.Release|Any CPU.ActiveCfg = Release|Any CPU
		{80528CC0-BF43-49AA-A4A7-2BEDD5845680}.Release|Any CPU.Build.0 = Release|Any CPU
		{AC6DCCDC-6581-4D33-BFD7-4690048DEB75}.Debug|Any CPU.ActiveCfg = Debug|Any CPU
		{AC6DCCDC-6581-4D33-BFD7-4690048DEB75}.Debug|Any CPU.Build.0 = Debug|Any CPU
		{AC6DCCDC-6581-4D33-BFD7-4690048DEB75}.Release|Any CPU.ActiveCfg = Release|Any CPU
		{AC6DCCDC-6581-4D33-BFD7-4690048DEB75}.Release|Any CPU.Build.0 = Release|Any CPU
		{D1E2CF18-3C14-4CE6-B0BB-51199232381F}.Debug|Any CPU.ActiveCfg = Debug|Any CPU
		{D1E2CF18-3C14-4CE6-B0BB-51199232381F}.Debug|Any CPU.Build.0 = Debug|Any CPU
		{D1E2CF18-3C14-4CE6-B0BB-51199232381F}.Release|Any CPU.ActiveCfg = Release|Any CPU
		{D1E2CF18-3C14-4CE6-B0BB-51199232381F}.Release|Any CPU.Build.0 = Release|Any CPU
		{13287D0A-1A0D-497F-8123-4C070205AA9F}.Debug|Any CPU.ActiveCfg = Debug|Any CPU
		{13287D0A-1A0D-497F-8123-4C070205AA9F}.Debug|Any CPU.Build.0 = Debug|Any CPU
		{13287D0A-1A0D-497F-8123-4C070205AA9F}.Release|Any CPU.ActiveCfg = Release|Any CPU
		{13287D0A-1A0D-497F-8123-4C070205AA9F}.Release|Any CPU.Build.0 = Release|Any CPU
	EndGlobalSection
	GlobalSection(SolutionProperties) = preSolution
		HideSolutionNode = FALSE
	EndGlobalSection
	GlobalSection(ExtensibilityGlobals) = postSolution
		SolutionGuid = {EEC6F640-DC17-4487-85E8-8F9098C38920}
	EndGlobalSection
EndGlobal
